// !$*UTF8*$!
{
	archiveVersion = 1;
	classes = {
	};
	objectVersion = 48;
	objects = {

/* Begin PBXBuildFile section */
		BAFC91222023F21B00FBACAC /* AppDelegate.swift in Sources */ = {isa = PBXBuildFile; fileRef = BAFC91212023F21B00FBACAC /* AppDelegate.swift */; };
		BAFC91272023F21B00FBACAC /* Main.storyboard in Resources */ = {isa = PBXBuildFile; fileRef = BAFC91252023F21B00FBACAC /* Main.storyboard */; };
		BAFC91292023F21B00FBACAC /* Assets.xcassets in Resources */ = {isa = PBXBuildFile; fileRef = BAFC91282023F21B00FBACAC /* Assets.xcassets */; };
		BAFC912C2023F21B00FBACAC /* LaunchScreen.storyboard in Resources */ = {isa = PBXBuildFile; fileRef = BAFC912A2023F21B00FBACAC /* LaunchScreen.storyboard */; };
		BAFC91342024186600FBACAC /* Post.swift in Sources */ = {isa = PBXBuildFile; fileRef = BAFC91332024186600FBACAC /* Post.swift */; };
		BAFC91362024300900FBACAC /* PostController.swift in Sources */ = {isa = PBXBuildFile; fileRef = BAFC91352024300900FBACAC /* PostController.swift */; };
		BAFC913820243E6B00FBACAC /* SearchPostsTableViewController.swift in Sources */ = {isa = PBXBuildFile; fileRef = BAFC913720243E6B00FBACAC /* SearchPostsTableViewController.swift */; };
/* End PBXBuildFile section */

/* Begin PBXFileReference section */
		BAFC911E2023F21B00FBACAC /* Subreddit.app */ = {isa = PBXFileReference; explicitFileType = wrapper.application; includeInIndex = 0; path = Subreddit.app; sourceTree = BUILT_PRODUCTS_DIR; };
		BAFC91212023F21B00FBACAC /* AppDelegate.swift */ = {isa = PBXFileReference; lastKnownFileType = sourcecode.swift; path = AppDelegate.swift; sourceTree = "<group>"; };
		BAFC91262023F21B00FBACAC /* Base */ = {isa = PBXFileReference; lastKnownFileType = file.storyboard; name = Base; path = Base.lproj/Main.storyboard; sourceTree = "<group>"; };
		BAFC91282023F21B00FBACAC /* Assets.xcassets */ = {isa = PBXFileReference; lastKnownFileType = folder.assetcatalog; path = Assets.xcassets; sourceTree = "<group>"; };
		BAFC912B2023F21B00FBACAC /* Base */ = {isa = PBXFileReference; lastKnownFileType = file.storyboard; name = Base; path = Base.lproj/LaunchScreen.storyboard; sourceTree = "<group>"; };
		BAFC912D2023F21B00FBACAC /* Info.plist */ = {isa = PBXFileReference; lastKnownFileType = text.plist.xml; path = Info.plist; sourceTree = "<group>"; };
		BAFC91332024186600FBACAC /* Post.swift */ = {isa = PBXFileReference; lastKnownFileType = sourcecode.swift; path = Post.swift; sourceTree = "<group>"; };
		BAFC91352024300900FBACAC /* PostController.swift */ = {isa = PBXFileReference; lastKnownFileType = sourcecode.swift; path = PostController.swift; sourceTree = "<group>"; };
		BAFC913720243E6B00FBACAC /* SearchPostsTableViewController.swift */ = {isa = PBXFileReference; lastKnownFileType = sourcecode.swift; path = SearchPostsTableViewController.swift; sourceTree = "<group>"; };
/* End PBXFileReference section */

/* Begin PBXFrameworksBuildPhase section */
		BAFC911B2023F21B00FBACAC /* Frameworks */ = {
			isa = PBXFrameworksBuildPhase;
			buildActionMask = 2147483647;
			files = (
			);
			runOnlyForDeploymentPostprocessing = 0;
		};
/* End PBXFrameworksBuildPhase section */

/* Begin PBXGroup section */
		BAFC91152023F21B00FBACAC = {
			isa = PBXGroup;
			children = (
				BAFC91202023F21B00FBACAC /* Subreddit */,
				BAFC911F2023F21B00FBACAC /* Products */,
			);
			sourceTree = "<group>";
		};
		BAFC911F2023F21B00FBACAC /* Products */ = {
			isa = PBXGroup;
			children = (
				BAFC911E2023F21B00FBACAC /* Subreddit.app */,
			);
			name = Products;
			sourceTree = "<group>";
		};
		BAFC91202023F21B00FBACAC /* Subreddit */ = {
			isa = PBXGroup;
			children = (
				BAFC91212023F21B00FBACAC /* AppDelegate.swift */,
				BAFC91252023F21B00FBACAC /* Main.storyboard */,
				BAFC913720243E6B00FBACAC /* SearchPostsTableViewController.swift */,
				BAFC91332024186600FBACAC /* Post.swift */,
				BAFC91352024300900FBACAC /* PostController.swift */,
				BAFC91282023F21B00FBACAC /* Assets.xcassets */,
				BAFC912A2023F21B00FBACAC /* LaunchScreen.storyboard */,
				BAFC912D2023F21B00FBACAC /* Info.plist */,
			);
			path = Subreddit;
			sourceTree = "<group>";
		};
/* End PBXGroup section */

/* Begin PBXNativeTarget section */
		BAFC911D2023F21B00FBACAC /* Subreddit */ = {
			isa = PBXNativeTarget;
			buildConfigurationList = BAFC91302023F21B00FBACAC /* Build configuration list for PBXNativeTarget "Subreddit" */;
			buildPhases = (
				BAFC911A2023F21B00FBACAC /* Sources */,
				BAFC911B2023F21B00FBACAC /* Frameworks */,
				BAFC911C2023F21B00FBACAC /* Resources */,
			);
			buildRules = (
			);
			dependencies = (
			);
			name = Subreddit;
			productName = Subreddit;
			productReference = BAFC911E2023F21B00FBACAC /* Subreddit.app */;
			productType = "com.apple.product-type.application";
		};
/* End PBXNativeTarget section */

/* Begin PBXProject section */
		BAFC91162023F21B00FBACAC /* Project object */ = {
			isa = PBXProject;
			attributes = {
				LastSwiftUpdateCheck = 0920;
				LastUpgradeCheck = 0920;
				ORGANIZATIONNAME = "Turnt Labs";
				TargetAttributes = {
					BAFC911D2023F21B00FBACAC = {
						CreatedOnToolsVersion = 9.2;
						ProvisioningStyle = Automatic;
					};
				};
			};
			buildConfigurationList = BAFC91192023F21B00FBACAC /* Build configuration list for PBXProject "Subreddit" */;
			compatibilityVersion = "Xcode 8.0";
			developmentRegion = en;
			hasScannedForEncodings = 0;
			knownRegions = (
				en,
				Base,
			);
			mainGroup = BAFC91152023F21B00FBACAC;
			productRefGroup = BAFC911F2023F21B00FBACAC /* Products */;
			projectDirPath = "";
			projectRoot = "";
			targets = (
				BAFC911D2023F21B00FBACAC /* Subreddit */,
			);
		};
/* End PBXProject section */

/* Begin PBXResourcesBuildPhase section */
		BAFC911C2023F21B00FBACAC /* Resources */ = {
			isa = PBXResourcesBuildPhase;
			buildActionMask = 2147483647;
			files = (
				BAFC912C2023F21B00FBACAC /* LaunchScreen.storyboard in Resources */,
				BAFC91292023F21B00FBACAC /* Assets.xcassets in Resources */,
				BAFC91272023F21B00FBACAC /* Main.storyboard in Resources */,
			);
			runOnlyForDeploymentPostprocessing = 0;
		};
/* End PBXResourcesBuildPhase section */

/* Begin PBXSourcesBuildPhase section */
		BAFC911A2023F21B00FBACAC /* Sources */ = {
			isa = PBXSourcesBuildPhase;
			buildActionMask = 2147483647;
			files = (
				BAFC91222023F21B00FBACAC /* AppDelegate.swift in Sources */,
				BAFC913820243E6B00FBACAC /* SearchPostsTableViewController.swift in Sources */,
				BAFC91342024186600FBACAC /* Post.swift in Sources */,
				BAFC91362024300900FBACAC /* PostController.swift in Sources */,
			);
			runOnlyForDeploymentPostprocessing = 0;
		};
/* End PBXSourcesBuildPhase section */

/* Begin PBXVariantGroup section */
		BAFC91252023F21B00FBACAC /* Main.storyboard */ = {
			isa = PBXVariantGroup;
			children = (
				BAFC91262023F21B00FBACAC /* Base */,
			);
			name = Main.storyboard;
			sourceTree = "<group>";
		};
		BAFC912A2023F21B00FBACAC /* LaunchScreen.storyboard */ = {
			isa = PBXVariantGroup;
			children = (
				BAFC912B2023F21B00FBACAC /* Base */,
			);
			name = LaunchScreen.storyboard;
			sourceTree = "<group>";
		};
/* End PBXVariantGroup section */

/* Begin XCBuildConfiguration section */
		BAFC912E2023F21B00FBACAC /* Debug */ = {
			isa = XCBuildConfiguration;
			buildSettings = {
				ALWAYS_SEARCH_USER_PATHS = NO;
				CLANG_ANALYZER_NONNULL = YES;
				CLANG_ANALYZER_NUMBER_OBJECT_CONVERSION = YES_AGGRESSIVE;
				CLANG_CXX_LANGUAGE_STANDARD = "gnu++14";
				CLANG_CXX_LIBRARY = "libc++";
				CLANG_ENABLE_MODULES = YES;
				CLANG_ENABLE_OBJC_ARC = YES;
				CLANG_WARN_BLOCK_CAPTURE_AUTORELEASING = YES;
				CLANG_WARN_BOOL_CONVERSION = YES;
				CLANG_WARN_COMMA = YES;
				CLANG_WARN_CONSTANT_CONVERSION = YES;
				CLANG_WARN_DIRECT_OBJC_ISA_USAGE = YES_ERROR;
				CLANG_WARN_DOCUMENTATION_COMMENTS = YES;
				CLANG_WARN_EMPTY_BODY = YES;
				CLANG_WARN_ENUM_CONVERSION = YES;
				CLANG_WARN_INFINITE_RECURSION = YES;
				CLANG_WARN_INT_CONVERSION = YES;
				CLANG_WARN_NON_LITERAL_NULL_CONVERSION = YES;
				CLANG_WARN_OBJC_LITERAL_CONVERSION = YES;
				CLANG_WARN_OBJC_ROOT_CLASS = YES_ERROR;
				CLANG_WARN_RANGE_LOOP_ANALYSIS = YES;
				CLANG_WARN_STRICT_PROTOTYPES = YES;
				CLANG_WARN_SUSPICIOUS_MOVE = YES;
				CLANG_WARN_UNGUARDED_AVAILABILITY = YES_AGGRESSIVE;
				CLANG_WARN_UNREACHABLE_CODE = YES;
				CLANG_WARN__DUPLICATE_METHOD_MATCH = YES;
				CODE_SIGN_IDENTITY = "iPhone Developer";
				COPY_PHASE_STRIP = NO;
				DEBUG_INFORMATION_FORMAT = dwarf;
				ENABLE_STRICT_OBJC_MSGSEND = YES;
				ENABLE_TESTABILITY = YES;
				GCC_C_LANGUAGE_STANDARD = gnu11;
				GCC_DYNAMIC_NO_PIC = NO;
				GCC_NO_COMMON_BLOCKS = YES;
				GCC_OPTIMIZATION_LEVEL = 0;
				GCC_PREPROCESSOR_DEFINITIONS = (
					"DEBUG=1",
					"$(inherited)",
				);
				GCC_WARN_64_TO_32_BIT_CONVERSION = YES;
				GCC_WARN_ABOUT_RETURN_TYPE = YES_ERROR;
				GCC_WARN_UNDECLARED_SELECTOR = YES;
				GCC_WARN_UNINITIALIZED_AUTOS = YES_AGGRESSIVE;
				GCC_WARN_UNUSED_FUNCTION = YES;
				GCC_WARN_UNUSED_VARIABLE = YES;
				IPHONEOS_DEPLOYMENT_TARGET = 11.2;
				MTL_ENABLE_DEBUG_INFO = YES;
				ONLY_ACTIVE_ARCH = YES;
				SDKROOT = iphoneos;
				SWIFT_ACTIVE_COMPILATION_CONDITIONS = DEBUG;
				SWIFT_OPTIMIZATION_LEVEL = "-Onone";
			};
			name = Debug;
		};
		BAFC912F2023F21B00FBACAC /* Release */ = {
			isa = XCBuildConfiguration;
			buildSettings = {
				ALWAYS_SEARCH_USER_PATHS = NO;
				CLANG_ANALYZER_NONNULL = YES;
				CLANG_ANALYZER_NUMBER_OBJECT_CONVERSION = YES_AGGRESSIVE;
				CLANG_CXX_LANGUAGE_STANDARD = "gnu++14";
				CLANG_CXX_LIBRARY = "libc++";
				CLANG_ENABLE_MODULES = YES;
				CLANG_ENABLE_OBJC_ARC = YES;
				CLANG_WARN_BLOCK_CAPTURE_AUTORELEASING = YES;
				CLANG_WARN_BOOL_CONVERSION = YES;
				CLANG_WARN_COMMA = YES;
				CLANG_WARN_CONSTANT_CONVERSION = YES;
				CLANG_WARN_DIRECT_OBJC_ISA_USAGE = YES_ERROR;
				CLANG_WARN_DOCUMENTATION_COMMENTS = YES;
				CLANG_WARN_EMPTY_BODY = YES;
				CLANG_WARN_ENUM_CONVERSION = YES;
				CLANG_WARN_INFINITE_RECURSION = YES;
				CLANG_WARN_INT_CONVERSION = YES;
				CLANG_WARN_NON_LITERAL_NULL_CONVERSION = YES;
				CLANG_WARN_OBJC_LITERAL_CONVERSION = YES;
				CLANG_WARN_OBJC_ROOT_CLASS = YES_ERROR;
				CLANG_WARN_RANGE_LOOP_ANALYSIS = YES;
				CLANG_WARN_STRICT_PROTOTYPES = YES;
				CLANG_WARN_SUSPICIOUS_MOVE = YES;
				CLANG_WARN_UNGUARDED_AVAILABILITY = YES_AGGRESSIVE;
				CLANG_WARN_UNREACHABLE_CODE = YES;
				CLANG_WARN__DUPLICATE_METHOD_MATCH = YES;
				CODE_SIGN_IDENTITY = "iPhone Developer";
				COPY_PHASE_STRIP = NO;
				DEBUG_INFORMATION_FORMAT = "dwarf-with-dsym";
				ENABLE_NS_ASSERTIONS = NO;
				ENABLE_STRICT_OBJC_MSGSEND = YES;
				GCC_C_LANGUAGE_STANDARD = gnu11;
				GCC_NO_COMMON_BLOCKS = YES;
				GCC_WARN_64_TO_32_BIT_CONVERSION = YES;
				GCC_WARN_ABOUT_RETURN_TYPE = YES_ERROR;
				GCC_WARN_UNDECLARED_SELECTOR = YES;
				GCC_WARN_UNINITIALIZED_AUTOS = YES_AGGRESSIVE;
				GCC_WARN_UNUSED_FUNCTION = YES;
				GCC_WARN_UNUSED_VARIABLE = YES;
				IPHONEOS_DEPLOYMENT_TARGET = 11.2;
				MTL_ENABLE_DEBUG_INFO = NO;
				SDKROOT = iphoneos;
				SWIFT_OPTIMIZATION_LEVEL = "-Owholemodule";
				VALIDATE_PRODUCT = YES;
			};
			name = Release;
		};
		BAFC91312023F21B00FBACAC /* Debug */ = {
			isa = XCBuildConfiguration;
			buildSettings = {
				ASSETCATALOG_COMPILER_APPICON_NAME = AppIcon;
				CODE_SIGN_STYLE = Automatic;
				DEVELOPMENT_TEAM = NELGRQX33K;
				INFOPLIST_FILE = Subreddit/Info.plist;
				LD_RUNPATH_SEARCH_PATHS = "$(inherited) @executable_path/Frameworks";
				PRODUCT_BUNDLE_IDENTIFIER = com.turntlabs.Subreddit;
				PRODUCT_NAME = "$(TARGET_NAME)";
				SWIFT_VERSION = 4.0;
				TARGETED_DEVICE_FAMILY = "1,2";
			};
			name = Debug;
		};
		BAFC91322023F21B00FBACAC /* Release */ = {
			isa = XCBuildConfiguration;
			buildSettings = {
				ASSETCATALOG_COMPILER_APPICON_NAME = AppIcon;
				CODE_SIGN_STYLE = Automatic;
				DEVELOPMENT_TEAM = NELGRQX33K;
				INFOPLIST_FILE = Subreddit/Info.plist;
				LD_RUNPATH_SEARCH_PATHS = "$(inherited) @executable_path/Frameworks";
				PRODUCT_BUNDLE_IDENTIFIER = com.turntlabs.Subreddit;
				PRODUCT_NAME = "$(TARGET_NAME)";
				SWIFT_VERSION = 4.0;
				TARGETED_DEVICE_FAMILY = "1,2";
			};
			name = Release;
		};
/* End XCBuildConfiguration section */

/* Begin XCConfigurationList section */
		BAFC91192023F21B00FBACAC /* Build configuration list for PBXProject "Subreddit" */ = {
			isa = XCConfigurationList;
			buildConfigurations = (
				BAFC912E2023F21B00FBACAC /* Debug */,
				BAFC912F2023F21B00FBACAC /* Release */,
			);
			defaultConfigurationIsVisible = 0;
			defaultConfigurationName = Release;
		};
		BAFC91302023F21B00FBACAC /* Build configuration list for PBXNativeTarget "Subreddit" */ = {
			isa = XCConfigurationList;
			buildConfigurations = (
				BAFC91312023F21B00FBACAC /* Debug */,
				BAFC91322023F21B00FBACAC /* Release */,
			);
			defaultConfigurationIsVisible = 0;
			defaultConfigurationName = Release;
		};
/* End XCConfigurationList section */
	};
	rootObject = BAFC91162023F21B00FBACAC /* Project object */;
}
